{
  "name": "diet_app",
  "version": "0.0.0",
  "lockfileVersion": 1,
  "requires": true,
  "dependencies": {
    "@lit-element-bootstrap/button": {
      "version": "1.0.0-alpha.7",
      "resolved": "https://registry.npmjs.org/@lit-element-bootstrap/button/-/button-1.0.0-alpha.7.tgz",
      "integrity": "sha512-FBVMvRl4AnuQwDhIVBpufgYohRr7SCgPQBfrp6ddFKXkBkj0fCyGgiSEBC8buW7hWabSWI+H97G41USNg3zWMA==",
      "requires": {
        "@lit-element-bootstrap/content": "^1.0.0-alpha.3",
        "lit-element": "^2.2.1"
      }
    },
    "@lit-element-bootstrap/content": {
      "version": "1.0.0-alpha.3",
      "resolved": "https://registry.npmjs.org/@lit-element-bootstrap/content/-/content-1.0.0-alpha.3.tgz",
      "integrity": "sha512-uE8xjp0EoHdPaEurDyJYf/inQg2IJQdBYdzYrz8qrIPYK3dh8xCgcoNOXSxrFqeHB2rm7SJfWFiEyL0AdCwGLg==",
      "requires": {
        "lit-element": "^2.2.1"
      }
    },
    "@lit-element-bootstrap/form": {
      "version": "1.0.0-alpha.4",
      "resolved": "https://registry.npmjs.org/@lit-element-bootstrap/form/-/form-1.0.0-alpha.4.tgz",
      "integrity": "sha512-Twi4Cwggj7L9MFz3ihbdRUYb2rHJnIfORyAN2608k+hTu8oS6091TUtYYPJhoKJMxtfLIz7SIsQPgQ9LGDVxpg==",
      "requires": {
        "@lit-element-bootstrap/content": "^1.0.0-alpha.3",
        "@lit-element-bootstrap/layout": "^1.0.0-alpha.4",
        "@lit-element-bootstrap/utilities": "^1.0.0-alpha.4",
        "lit-element": "^2.2.1",
        "lit-html": "^1.1.2"
      }
    },
    "@lit-element-bootstrap/layout": {
      "version": "1.0.0-alpha.4",
      "resolved": "https://registry.npmjs.org/@lit-element-bootstrap/layout/-/layout-1.0.0-alpha.4.tgz",
      "integrity": "sha512-UujkTjFxfOfzdaLUq8Msh9OHi0WBz1Rb7uMe1oD7y/fZjRdTtUObLkn2g4mQmIFQyx8+FUA+vPzlOibflhVuxg==",
      "requires": {
        "@lit-element-bootstrap/content": "^1.0.0-alpha.3",
        "lit-element": "^2.2.1"
      }
    },
    "@lit-element-bootstrap/utilities": {
      "version": "1.0.0-alpha.4",
      "resolved": "https://registry.npmjs.org/@lit-element-bootstrap/utilities/-/utilities-1.0.0-alpha.4.tgz",
      "integrity": "sha512-z1jhVNWFlFCDDs6wzbtC+p7xPpIAlvnlEXPg7Gp7s4/Qn5jo1ZBlsGeWDxRSPeJouTy/S5qqc7hskKD1b4B/nw==",
      "requires": {
        "lit-element": "^2.2.1"
      }
    },
    "@webcomponents/webcomponentsjs": {
      "version": "2.4.0",
      "resolved": "https://registry.npmjs.org/@webcomponents/webcomponentsjs/-/webcomponentsjs-2.4.0.tgz",
      "integrity": "sha512-kEClEz2nu9/i6SvyBJTV4pCc6CyCzMhK7zEeJ6QhiJoulBp4YZ06Zfj2E2HUXfWfHJIjtKriJYMtfhettKEjEg=="
    },
    "dotenv": {
      "version": "8.2.0",
      "resolved": "https://registry.npmjs.org/dotenv/-/dotenv-8.2.0.tgz",
      "integrity": "sha512-8sJ78ElpbDJBHNeBzUbUVLsqKdccaa/BXF1uPTw3GrvQTBgrQrtObr2mUrE38vzYd8cEv+m/JBfDLioYcfXoaw=="
    },
    "js-tokens": {
      "version": "4.0.0",
      "resolved": "https://registry.npmjs.org/js-tokens/-/js-tokens-4.0.0.tgz",
      "integrity": "sha512-RdJUflcE3cUzKiMqQgsCu06FPu9UdIJO0beYbPhHN4k6apgJtifcoCtT9bcxOpYBtpD2kCM6Sbzg4CausW/PKQ=="
    },
    "lit-element": {
      "version": "2.2.1",
      "resolved": "https://registry.npmjs.org/lit-element/-/lit-element-2.2.1.tgz",
      "integrity": "sha512-ipDcgQ1EpW6Va2Z6dWm79jYdimVepO5GL0eYkZrFvdr0OD/1N260Q9DH+K5HXHFrRoC7dOg+ZpED2XE0TgGdXw==",
      "requires": {
        "lit-html": "^1.0.0"
      }
    },
    "lit-html": {
      "version": "1.1.2",
      "resolved": "https://registry.npmjs.org/lit-html/-/lit-html-1.1.2.tgz",
      "integrity": "sha512-FFlUMKHKi+qG1x1iHNZ1hrtc/zHmfYTyrSvs3/wBTvaNtpZjOZGWzU7efGYVpgp6KvWeKF6ql9/KsCq6Z/mEDA=="
    },
    "lodash": {
      "version": "4.17.15",
      "resolved": "https://registry.npmjs.org/lodash/-/lodash-4.17.15.tgz",
      "integrity": "sha512-8xOcRHvCjnocdS5cpwXQXVzmmh5e5+saE2QGoeQmbKmRS6J3VQppPOIt0MnmE+4xlZoumy0GPG0D0MVIQbNA1A==",
      "dev": true
    },
    "loose-envify": {
      "version": "1.4.0",
      "resolved": "https://registry.npmjs.org/loose-envify/-/loose-envify-1.4.0.tgz",
      "integrity": "sha512-lyuxPGr/Wfhrlem2CL/UcnUc1zcqKAImBDzukY7Y5F/yQiNdko6+fRLevlw1HgMySw7f611UIY408EtxRSoK3Q==",
      "requires": {
        "js-tokens": "^3.0.0 || ^4.0.0"
      }
    },
    "object-assign": {
      "version": "4.1.1",
      "resolved": "https://registry.npmjs.org/object-assign/-/object-assign-4.1.1.tgz",
      "integrity": "sha1-IQmtx5ZYh8/AXLvUQsrIv7s2CGM=",
      "dev": true
    },
    "prop-types": {
      "version": "15.7.2",
      "resolved": "https://registry.npmjs.org/prop-types/-/prop-types-15.7.2.tgz",
      "integrity": "sha512-8QQikdH7//R2vurIJSutZ1smHYTcLpRWEOlHnzcWHmBYrOGUysKwSsrC89BCiFj3CbrfJ/nXFdJepOVrY1GCHQ==",
      "dev": true,
      "requires": {
        "loose-envify": "^1.4.0",
        "object-assign": "^4.1.1",
        "react-is": "^16.8.1"
      }
    },
    "pwa-helpers": {
      "version": "0.9.1",
      "resolved": "https://registry.npmjs.org/pwa-helpers/-/pwa-helpers-0.9.1.tgz",
      "integrity": "sha512-4sP/C9sSxQ3w80AATmvCEI3R+MHzCwr2RSZEbLyMkeJgV3cRk7ySZRUrQnBDSA7A0/z6dkYtjuXlkhN1ZFw3iA=="
    },
    "react-is": {
      "version": "16.12.0",
      "resolved": "https://registry.npmjs.org/react-is/-/react-is-16.12.0.tgz",
      "integrity": "sha512-rPCkf/mWBtKc97aLL9/txD8DZdemK0vkA3JMLShjlJB3Pj3s+lpf1KaBzMfQrAmhMQB0n1cU/SUGgKKBCe837Q==",
      "dev": true
    },
    "redux": {
      "version": "4.0.4",
      "resolved": "https://registry.npmjs.org/redux/-/redux-4.0.4.tgz",
      "integrity": "sha512-vKv4WdiJxOWKxK0yRoaK3Y4pxxB0ilzVx6dszU2W8wLxlb2yikRph4iV/ymtdJ6ZxpBLFbyrxklnT5yBbQSl3Q==",
      "requires": {
        "loose-envify": "^1.4.0",
        "symbol-observable": "^1.2.0"
      }
    },
    "redux-devtools": {
      "version": "3.5.0",
      "resolved": "https://registry.npmjs.org/redux-devtools/-/redux-devtools-3.5.0.tgz",
      "integrity": "sha512-pGU8TZNvWxPaCCE432AGm6H6alQbAz80gQM5CzM3SjX9/oSNu/HPF17xFdPQJOXasqyih1Gv167kZDTRe7r0iQ==",
      "dev": true,
      "requires": {
        "lodash": "^4.2.0",
        "prop-types": "^15.5.7",
        "redux-devtools-instrument": "^1.9.0"
      }
    },
    "redux-devtools-instrument": {
      "version": "1.9.6",
      "resolved": "https://registry.npmjs.org/redux-devtools-instrument/-/redux-devtools-instrument-1.9.6.tgz",
      "integrity": "sha512-MwvY4cLEB2tIfWWBzrUR02UM9qRG2i7daNzywRvabOSVdvAY7s9BxSwMmVRH1Y/7QWjplNtOwgT0apKhHg2Qew==",
      "dev": true,
      "requires": {
        "lodash": "^4.2.0",
        "symbol-observable": "^1.0.2"
      }
    },
    "redux-thunk": {
      "version": "2.3.0",
      "resolved": "https://registry.npmjs.org/redux-thunk/-/redux-thunk-2.3.0.tgz",
      "integrity": "sha512-km6dclyFnmcvxhAcrQV2AkZmPQjzPDjgVlQtR0EQjxZPyJ0BnMf3in1ryuR8A2qU0HldVRfxYXbFSKlI3N7Slw=="
    },
    "symbol-observable": {
      "version": "1.2.0",
      "resolved": "https://registry.npmjs.org/symbol-observable/-/symbol-observable-1.2.0.tgz",
      "integrity": "sha512-e900nM8RRtGhlV36KGEU9k65K3mPb1WV70OdjfxlG2EAuM1noi/E/BaW/uMhL7bPEssK8QV57vN3esixjUvcXQ=="
    }
  }
}
